{
    "_readme": [
        "This file locks the dependencies of your project to a known state",
        "Read more about it at https://getcomposer.org/doc/01-basic-usage.md#installing-dependencies",
        "This file is @generated automatically"
    ],
    "content-hash": "5ac632042e92e87e699a5799b0bd30dc",
    "packages": [
        {
            "name": "ecpay/sdk",
            "version": "1.3.2411050",
            "source": {
                "type": "git",
                "url": "https://github.com/ECPay/SDK_PHP.git",
                "reference": "00f4d194d1577e8b35e85b85a951df3cd4a76f4a"
            },
            "dist": {
                "type": "zip",
                "url": "https://api.github.com/repos/ECPay/SDK_PHP/zipball/00f4d194d1577e8b35e85b85a951df3cd4a76f4a",
                "reference": "00f4d194d1577e8b35e85b85a951df3cd4a76f4a",
                "shasum": ""
            },
            "require": {
                "php": "^5.6.20 || ^7.0 || ^8.0"
            },
            "require-dev": {
                "fzaninotto/faker": "1.9.x-dev",
                "phpunit/phpunit": "^5.0 || ^6.0 || ^7.0 || ^8.0"
            },
            "type": "library",
            "autoload": {
                "psr-4": {
                    "Ecpay\\Sdk\\": "src/"
                }
            },
            "notification-url": "https://packagist.org/downloads/",
            "license": [
                "MIT"
            ],
            "description": "ECPay SDK",
            "support": {
                "issues": "https://github.com/ECPay/SDK_PHP/issues",
                "source": "https://github.com/ECPay/SDK_PHP/tree/1.3.2411050"
            },
            "time": "2024-11-27T05:15:19+00:00"
        }
    ],
    "packages-dev": [],
    "aliases": [],
    "minimum-stability": "stable",
    "stability-flags": {},
    "prefer-stable": false,
    "prefer-lowest": false,
    "platform": {},
    "platform-dev": {},
    "plugin-api-version": "2.6.0"
}
